// !$*UTF8*$!
{
	archiveVersion = 1;
	classes = {
	};
	objectVersion = 46;
	objects = {

/* Begin PBXBuildFile section */
		84035B0B1AD6C046000D6C8F /* main.m in Sources */ = {isa = PBXBuildFile; fileRef = 84035B0A1AD6C046000D6C8F /* main.m */; };
		84035B0E1AD6C046000D6C8F /* AppDelegate.m in Sources */ = {isa = PBXBuildFile; fileRef = 84035B0D1AD6C046000D6C8F /* AppDelegate.m */; };
		84035B141AD6C046000D6C8F /* Main.storyboard in Resources */ = {isa = PBXBuildFile; fileRef = 84035B121AD6C046000D6C8F /* Main.storyboard */; };
		84035B161AD6C046000D6C8F /* Images.xcassets in Resources */ = {isa = PBXBuildFile; fileRef = 84035B151AD6C046000D6C8F /* Images.xcassets */; };
		84035B191AD6C046000D6C8F /* LaunchScreen.xib in Resources */ = {isa = PBXBuildFile; fileRef = 84035B171AD6C046000D6C8F /* LaunchScreen.xib */; };
		84035B251AD6C046000D6C8F /* SlideTests.m in Sources */ = {isa = PBXBuildFile; fileRef = 84035B241AD6C046000D6C8F /* SlideTests.m */; };
		84035B401AD6C45E000D6C8F /* SidebarAirbnbAnimation.m in Sources */ = {isa = PBXBuildFile; fileRef = 84035B311AD6C45E000D6C8F /* SidebarAirbnbAnimation.m */; };
		84035B411AD6C45E000D6C8F /* SidebarAnimation.m in Sources */ = {isa = PBXBuildFile; fileRef = 84035B331AD6C45E000D6C8F /* SidebarAnimation.m */; };
		84035B421AD6C45E000D6C8F /* SidebarFacebookAnimation.m in Sources */ = {isa = PBXBuildFile; fileRef = 84035B351AD6C45E000D6C8F /* SidebarFacebookAnimation.m */; };
		84035B431AD6C45E000D6C8F /* SidebarFeedlyAnimation.m in Sources */ = {isa = PBXBuildFile; fileRef = 84035B371AD6C45E000D6C8F /* SidebarFeedlyAnimation.m */; };
		84035B441AD6C45E000D6C8F /* SidebarFlipboardAnimation.m in Sources */ = {isa = PBXBuildFile; fileRef = 84035B391AD6C45E000D6C8F /* SidebarFlipboardAnimation.m */; };
		84035B451AD6C45E000D6C8F /* SidebarLuvocracyAnimation.m in Sources */ = {isa = PBXBuildFile; fileRef = 84035B3B1AD6C45E000D6C8F /* SidebarLuvocracyAnimation.m */; };
		84035B461AD6C45E000D6C8F /* SidebarWunderlistAnimation.m in Sources */ = {isa = PBXBuildFile; fileRef = 84035B3D1AD6C45E000D6C8F /* SidebarWunderlistAnimation.m */; };
		84035B471AD6C45E000D6C8F /* TheSidebarController.m in Sources */ = {isa = PBXBuildFile; fileRef = 84035B3F1AD6C45E000D6C8F /* TheSidebarController.m */; };
		84035B531AD6C4AE000D6C8F /* bg@2x.png in Resources */ = {isa = PBXBuildFile; fileRef = 84035B501AD6C4AE000D6C8F /* bg@2x.png */; };
		84035B541AD6C4AE000D6C8F /* left-sidebar@2x.png in Resources */ = {isa = PBXBuildFile; fileRef = 84035B511AD6C4AE000D6C8F /* left-sidebar@2x.png */; };
		84035B551AD6C4AE000D6C8F /* right-sidebar@2x.png in Resources */ = {isa = PBXBuildFile; fileRef = 84035B521AD6C4AE000D6C8F /* right-sidebar@2x.png */; };
		84035B5C1AD6C5A1000D6C8F /* CenterViewController.m in Sources */ = {isa = PBXBuildFile; fileRef = 84035B571AD6C5A1000D6C8F /* CenterViewController.m */; };
		84035B5D1AD6C5A1000D6C8F /* LeftViewController.m in Sources */ = {isa = PBXBuildFile; fileRef = 84035B591AD6C5A1000D6C8F /* LeftViewController.m */; };
		84035B5E1AD6C5A1000D6C8F /* RightViewController.m in Sources */ = {isa = PBXBuildFile; fileRef = 84035B5B1AD6C5A1000D6C8F /* RightViewController.m */; };
		84035B611AD6C5F2000D6C8F /* CustomCell.m in Sources */ = {isa = PBXBuildFile; fileRef = 84035B601AD6C5F2000D6C8F /* CustomCell.m */; };
/* End PBXBuildFile section */

/* Begin PBXContainerItemProxy section */
		84035B1F1AD6C046000D6C8F /* PBXContainerItemProxy */ = {
			isa = PBXContainerItemProxy;
			containerPortal = 84035AFD1AD6C046000D6C8F /* Project object */;
			proxyType = 1;
			remoteGlobalIDString = 84035B041AD6C046000D6C8F;
			remoteInfo = Slide;
		};
/* End PBXContainerItemProxy section */

/* Begin PBXFileReference section */
		84035B051AD6C046000D6C8F /* Slide.app */ = {isa = PBXFileReference; explicitFileType = wrapper.application; includeInIndex = 0; path = Slide.app; sourceTree = BUILT_PRODUCTS_DIR; };
		84035B091AD6C046000D6C8F /* Info.plist */ = {isa = PBXFileReference; lastKnownFileType = text.plist.xml; path = Info.plist; sourceTree = "<group>"; };
		84035B0A1AD6C046000D6C8F /* main.m */ = {isa = PBXFileReference; lastKnownFileType = sourcecode.c.objc; path = main.m; sourceTree = "<group>"; };
		84035B0C1AD6C046000D6C8F /* AppDelegate.h */ = {isa = PBXFileReference; lastKnownFileType = sourcecode.c.h; path = AppDelegate.h; sourceTree = "<group>"; };
		84035B0D1AD6C046000D6C8F /* AppDelegate.m */ = {isa = PBXFileReference; lastKnownFileType = sourcecode.c.objc; path = AppDelegate.m; sourceTree = "<group>"; };
		84035B131AD6C046000D6C8F /* Base */ = {isa = PBXFileReference; lastKnownFileType = file.storyboard; name = Base; path = Base.lproj/Main.storyboard; sourceTree = "<group>"; };
		84035B151AD6C046000D6C8F /* Images.xcassets */ = {isa = PBXFileReference; lastKnownFileType = folder.assetcatalog; path = Images.xcassets; sourceTree = "<group>"; };
		84035B181AD6C046000D6C8F /* Base */ = {isa = PBXFileReference; lastKnownFileType = file.xib; name = Base; path = Base.lproj/LaunchScreen.xib; sourceTree = "<group>"; };
		84035B1E1AD6C046000D6C8F /* SlideTests.xctest */ = {isa = PBXFileReference; explicitFileType = wrapper.cfbundle; includeInIndex = 0; path = SlideTests.xctest; sourceTree = BUILT_PRODUCTS_DIR; };
		84035B231AD6C046000D6C8F /* Info.plist */ = {isa = PBXFileReference; lastKnownFileType = text.plist.xml; path = Info.plist; sourceTree = "<group>"; };
		84035B241AD6C046000D6C8F /* SlideTests.m */ = {isa = PBXFileReference; lastKnownFileType = sourcecode.c.objc; path = SlideTests.m; sourceTree = "<group>"; };
		84035B301AD6C45E000D6C8F /* SidebarAirbnbAnimation.h */ = {isa = PBXFileReference; fileEncoding = 4; lastKnownFileType = sourcecode.c.h; path = SidebarAirbnbAnimation.h; sourceTree = "<group>"; };
		84035B311AD6C45E000D6C8F /* SidebarAirbnbAnimation.m */ = {isa = PBXFileReference; fileEncoding = 4; lastKnownFileType = sourcecode.c.objc; path = SidebarAirbnbAnimation.m; sourceTree = "<group>"; };
		84035B321AD6C45E000D6C8F /* SidebarAnimation.h */ = {isa = PBXFileReference; fileEncoding = 4; lastKnownFileType = sourcecode.c.h; path = SidebarAnimation.h; sourceTree = "<group>"; };
		84035B331AD6C45E000D6C8F /* SidebarAnimation.m */ = {isa = PBXFileReference; fileEncoding = 4; lastKnownFileType = sourcecode.c.objc; path = SidebarAnimation.m; sourceTree = "<group>"; };
		84035B341AD6C45E000D6C8F /* SidebarFacebookAnimation.h */ = {isa = PBXFileReference; fileEncoding = 4; lastKnownFileType = sourcecode.c.h; path = SidebarFacebookAnimation.h; sourceTree = "<group>"; };
		84035B351AD6C45E000D6C8F /* SidebarFacebookAnimation.m */ = {isa = PBXFileReference; fileEncoding = 4; lastKnownFileType = sourcecode.c.objc; path = SidebarFacebookAnimation.m; sourceTree = "<group>"; };
		84035B361AD6C45E000D6C8F /* SidebarFeedlyAnimation.h */ = {isa = PBXFileReference; fileEncoding = 4; lastKnownFileType = sourcecode.c.h; path = SidebarFeedlyAnimation.h; sourceTree = "<group>"; };
		84035B371AD6C45E000D6C8F /* SidebarFeedlyAnimation.m */ = {isa = PBXFileReference; fileEncoding = 4; lastKnownFileType = sourcecode.c.objc; path = SidebarFeedlyAnimation.m; sourceTree = "<group>"; };
		84035B381AD6C45E000D6C8F /* SidebarFlipboardAnimation.h */ = {isa = PBXFileReference; fileEncoding = 4; lastKnownFileType = sourcecode.c.h; path = SidebarFlipboardAnimation.h; sourceTree = "<group>"; };
		84035B391AD6C45E000D6C8F /* SidebarFlipboardAnimation.m */ = {isa = PBXFileReference; fileEncoding = 4; lastKnownFileType = sourcecode.c.objc; path = SidebarFlipboardAnimation.m; sourceTree = "<group>"; };
		84035B3A1AD6C45E000D6C8F /* SidebarLuvocracyAnimation.h */ = {isa = PBXFileReference; fileEncoding = 4; lastKnownFileType = sourcecode.c.h; path = SidebarLuvocracyAnimation.h; sourceTree = "<group>"; };
		84035B3B1AD6C45E000D6C8F /* SidebarLuvocracyAnimation.m */ = {isa = PBXFileReference; fileEncoding = 4; lastKnownFileType = sourcecode.c.objc; path = SidebarLuvocracyAnimation.m; sourceTree = "<group>"; };
		84035B3C1AD6C45E000D6C8F /* SidebarWunderlistAnimation.h */ = {isa = PBXFileReference; fileEncoding = 4; lastKnownFileType = sourcecode.c.h; path = SidebarWunderlistAnimation.h; sourceTree = "<group>"; };
		84035B3D1AD6C45E000D6C8F /* SidebarWunderlistAnimation.m */ = {isa = PBXFileReference; fileEncoding = 4; lastKnownFileType = sourcecode.c.objc; path = SidebarWunderlistAnimation.m; sourceTree = "<group>"; };
		84035B3E1AD6C45E000D6C8F /* TheSidebarController.h */ = {isa = PBXFileReference; fileEncoding = 4; lastKnownFileType = sourcecode.c.h; path = TheSidebarController.h; sourceTree = "<group>"; };
		84035B3F1AD6C45E000D6C8F /* TheSidebarController.m */ = {isa = PBXFileReference; fileEncoding = 4; lastKnownFileType = sourcecode.c.objc; path = TheSidebarController.m; sourceTree = "<group>"; };
		84035B501AD6C4AE000D6C8F /* bg@2x.png */ = {isa = PBXFileReference; lastKnownFileType = image.png; path = "bg@2x.png"; sourceTree = "<group>"; };
		84035B511AD6C4AE000D6C8F /* left-sidebar@2x.png */ = {isa = PBXFileReference; lastKnownFileType = image.png; path = "left-sidebar@2x.png"; sourceTree = "<group>"; };
		84035B521AD6C4AE000D6C8F /* right-sidebar@2x.png */ = {isa = PBXFileReference; lastKnownFileType = image.png; path = "right-sidebar@2x.png"; sourceTree = "<group>"; };
		84035B561AD6C5A1000D6C8F /* CenterViewController.h */ = {isa = PBXFileReference; fileEncoding = 4; lastKnownFileType = sourcecode.c.h; path = CenterViewController.h; sourceTree = "<group>"; };
		84035B571AD6C5A1000D6C8F /* CenterViewController.m */ = {isa = PBXFileReference; fileEncoding = 4; lastKnownFileType = sourcecode.c.objc; path = CenterViewController.m; sourceTree = "<group>"; };
		84035B581AD6C5A1000D6C8F /* LeftViewController.h */ = {isa = PBXFileReference; fileEncoding = 4; lastKnownFileType = sourcecode.c.h; path = LeftViewController.h; sourceTree = "<group>"; };
		84035B591AD6C5A1000D6C8F /* LeftViewController.m */ = {isa = PBXFileReference; fileEncoding = 4; lastKnownFileType = sourcecode.c.objc; path = LeftViewController.m; sourceTree = "<group>"; };
		84035B5A1AD6C5A1000D6C8F /* RightViewController.h */ = {isa = PBXFileReference; fileEncoding = 4; lastKnownFileType = sourcecode.c.h; path = RightViewController.h; sourceTree = "<group>"; };
		84035B5B1AD6C5A1000D6C8F /* RightViewController.m */ = {isa = PBXFileReference; fileEncoding = 4; lastKnownFileType = sourcecode.c.objc; path = RightViewController.m; sourceTree = "<group>"; };
		84035B5F1AD6C5F2000D6C8F /* CustomCell.h */ = {isa = PBXFileReference; fileEncoding = 4; lastKnownFileType = sourcecode.c.h; path = CustomCell.h; sourceTree = "<group>"; };
		84035B601AD6C5F2000D6C8F /* CustomCell.m */ = {isa = PBXFileReference; fileEncoding = 4; lastKnownFileType = sourcecode.c.objc; path = CustomCell.m; sourceTree = "<group>"; };
/* End PBXFileReference section */

/* Begin PBXFrameworksBuildPhase section */
		84035B021AD6C046000D6C8F /* Frameworks */ = {
			isa = PBXFrameworksBuildPhase;
			buildActionMask = 2147483647;
			files = (
			);
			runOnlyForDeploymentPostprocessing = 0;
		};
		84035B1B1AD6C046000D6C8F /* Frameworks */ = {
			isa = PBXFrameworksBuildPhase;
			buildActionMask = 2147483647;
			files = (
			);
			runOnlyForDeploymentPostprocessing = 0;
		};
/* End PBXFrameworksBuildPhase section */

/* Begin PBXGroup section */
		84035AFC1AD6C046000D6C8F = {
			isa = PBXGroup;
			children = (
				84035B071AD6C046000D6C8F /* Slide */,
				84035B211AD6C046000D6C8F /* SlideTests */,
				84035B061AD6C046000D6C8F /* Products */,
			);
			sourceTree = "<group>";
		};
		84035B061AD6C046000D6C8F /* Products */ = {
			isa = PBXGroup;
			children = (
				84035B051AD6C046000D6C8F /* Slide.app */,
				84035B1E1AD6C046000D6C8F /* SlideTests.xctest */,
			);
			name = Products;
			sourceTree = "<group>";
		};
		84035B071AD6C046000D6C8F /* Slide */ = {
			isa = PBXGroup;
			children = (
				84035B0C1AD6C046000D6C8F /* AppDelegate.h */,
				84035B0D1AD6C046000D6C8F /* AppDelegate.m */,
				84035B561AD6C5A1000D6C8F /* CenterViewController.h */,
				84035B571AD6C5A1000D6C8F /* CenterViewController.m */,
				84035B581AD6C5A1000D6C8F /* LeftViewController.h */,
				84035B591AD6C5A1000D6C8F /* LeftViewController.m */,
				84035B5A1AD6C5A1000D6C8F /* RightViewController.h */,
				84035B5B1AD6C5A1000D6C8F /* RightViewController.m */,
				84035B5F1AD6C5F2000D6C8F /* CustomCell.h */,
				84035B601AD6C5F2000D6C8F /* CustomCell.m */,
				84035B4F1AD6C4AE000D6C8F /* Images */,
				84035B2E1AD6C45E000D6C8F /* Modal */,
				84035B121AD6C046000D6C8F /* Main.storyboard */,
				84035B151AD6C046000D6C8F /* Images.xcassets */,
				84035B171AD6C046000D6C8F /* LaunchScreen.xib */,
				84035B081AD6C046000D6C8F /* Supporting Files */,
			);
			path = Slide;
			sourceTree = "<group>";
		};
		84035B081AD6C046000D6C8F /* Supporting Files */ = {
			isa = PBXGroup;
			children = (
				84035B091AD6C046000D6C8F /* Info.plist */,
				84035B0A1AD6C046000D6C8F /* main.m */,
			);
			name = "Supporting Files";
			sourceTree = "<group>";
		};
		84035B211AD6C046000D6C8F /* SlideTests */ = {
			isa = PBXGroup;
			children = (
				84035B241AD6C046000D6C8F /* SlideTests.m */,
				84035B221AD6C046000D6C8F /* Supporting Files */,
			);
			path = SlideTests;
			sourceTree = "<group>";
		};
		84035B221AD6C046000D6C8F /* Supporting Files */ = {
			isa = PBXGroup;
			children = (
				84035B231AD6C046000D6C8F /* Info.plist */,
			);
			name = "Supporting Files";
			sourceTree = "<group>";
		};
		84035B2E1AD6C45E000D6C8F /* Modal */ = {
			isa = PBXGroup;
			children = (
				84035B2F1AD6C45E000D6C8F /* Animations */,
				84035B3E1AD6C45E000D6C8F /* TheSidebarController.h */,
				84035B3F1AD6C45E000D6C8F /* TheSidebarController.m */,
			);
			path = Modal;
			sourceTree = "<group>";
		};
		84035B2F1AD6C45E000D6C8F /* Animations */ = {
			isa = PBXGroup;
			children = (
				84035B301AD6C45E000D6C8F /* SidebarAirbnbAnimation.h */,
				84035B311AD6C45E000D6C8F /* SidebarAirbnbAnimation.m */,
				84035B321AD6C45E000D6C8F /* SidebarAnimation.h */,
				84035B331AD6C45E000D6C8F /* SidebarAnimation.m */,
				84035B341AD6C45E000D6C8F /* SidebarFacebookAnimation.h */,
				84035B351AD6C45E000D6C8F /* SidebarFacebookAnimation.m */,
				84035B361AD6C45E000D6C8F /* SidebarFeedlyAnimation.h */,
				84035B371AD6C45E000D6C8F /* SidebarFeedlyAnimation.m */,
				84035B381AD6C45E000D6C8F /* SidebarFlipboardAnimation.h */,
				84035B391AD6C45E000D6C8F /* SidebarFlipboardAnimation.m */,
				84035B3A1AD6C45E000D6C8F /* SidebarLuvocracyAnimation.h */,
				84035B3B1AD6C45E000D6C8F /* SidebarLuvocracyAnimation.m */,
				84035B3C1AD6C45E000D6C8F /* SidebarWunderlistAnimation.h */,
				84035B3D1AD6C45E000D6C8F /* SidebarWunderlistAnimation.m */,
			);
			path = Animations;
			sourceTree = "<group>";
		};
		84035B4F1AD6C4AE000D6C8F /* Images */ = {
			isa = PBXGroup;
			children = (
				84035B501AD6C4AE000D6C8F /* bg@2x.png */,
				84035B511AD6C4AE000D6C8F /* left-sidebar@2x.png */,
				84035B521AD6C4AE000D6C8F /* right-sidebar@2x.png */,
			);
			path = Images;
			sourceTree = "<group>";
		};
/* End PBXGroup section */

/* Begin PBXNativeTarget section */
		84035B041AD6C046000D6C8F /* Slide */ = {
			isa = PBXNativeTarget;
			buildConfigurationList = 84035B281AD6C046000D6C8F /* Build configuration list for PBXNativeTarget "Slide" */;
			buildPhases = (
				84035B011AD6C046000D6C8F /* Sources */,
				84035B021AD6C046000D6C8F /* Frameworks */,
				84035B031AD6C046000D6C8F /* Resources */,
			);
			buildRules = (
			);
			dependencies = (
			);
			name = Slide;
			productName = Slide;
			productReference = 84035B051AD6C046000D6C8F /* Slide.app */;
			productType = "com.apple.product-type.application";
		};
		84035B1D1AD6C046000D6C8F /* SlideTests */ = {
			isa = PBXNativeTarget;
			buildConfigurationList = 84035B2B1AD6C046000D6C8F /* Build configuration list for PBXNativeTarget "SlideTests" */;
			buildPhases = (
				84035B1A1AD6C046000D6C8F /* Sources */,
				84035B1B1AD6C046000D6C8F /* Frameworks */,
				84035B1C1AD6C046000D6C8F /* Resources */,
			);
			buildRules = (
			);
			dependencies = (
				84035B201AD6C046000D6C8F /* PBXTargetDependency */,
			);
			name = SlideTests;
			productName = SlideTests;
			productReference = 84035B1E1AD6C046000D6C8F /* SlideTests.xctest */;
			productType = "com.apple.product-type.bundle.unit-test";
		};
/* End PBXNativeTarget section */

/* Begin PBXProject section */
		84035AFD1AD6C046000D6C8F /* Project object */ = {
			isa = PBXProject;
			attributes = {
				LastUpgradeCheck = 0620;
				ORGANIZATIONNAME = MarcoMustapic;
				TargetAttributes = {
					84035B041AD6C046000D6C8F = {
						CreatedOnToolsVersion = 6.2;
					};
					84035B1D1AD6C046000D6C8F = {
						CreatedOnToolsVersion = 6.2;
						TestTargetID = 84035B041AD6C046000D6C8F;
					};
				};
			};
			buildConfigurationList = 84035B001AD6C046000D6C8F /* Build configuration list for PBXProject "Slide" */;
			compatibilityVersion = "Xcode 3.2";
			developmentRegion = English;
			hasScannedForEncodings = 0;
			knownRegions = (
				en,
				Base,
			);
			mainGroup = 84035AFC1AD6C046000D6C8F;
			productRefGroup = 84035B061AD6C046000D6C8F /* Products */;
			projectDirPath = "";
			projectRoot = "";
			targets = (
				84035B041AD6C046000D6C8F /* Slide */,
				84035B1D1AD6C046000D6C8F /* SlideTests */,
			);
		};
/* End PBXProject section */

/* Begin PBXResourcesBuildPhase section */
		84035B031AD6C046000D6C8F /* Resources */ = {
			isa = PBXResourcesBuildPhase;
			buildActionMask = 2147483647;
			files = (
				84035B141AD6C046000D6C8F /* Main.storyboard in Resources */,
				84035B541AD6C4AE000D6C8F /* left-sidebar@2x.png in Resources */,
				84035B551AD6C4AE000D6C8F /* right-sidebar@2x.png in Resources */,
				84035B191AD6C046000D6C8F /* LaunchScreen.xib in Resources */,
				84035B161AD6C046000D6C8F /* Images.xcassets in Resources */,
				84035B531AD6C4AE000D6C8F /* bg@2x.png in Resources */,
			);
			runOnlyForDeploymentPostprocessing = 0;
		};
		84035B1C1AD6C046000D6C8F /* Resources */ = {
			isa = PBXResourcesBuildPhase;
			buildActionMask = 2147483647;
			files = (
			);
			runOnlyForDeploymentPostprocessing = 0;
		};
/* End PBXResourcesBuildPhase section */

/* Begin PBXSourcesBuildPhase section */
		84035B011AD6C046000D6C8F /* Sources */ = {
			isa = PBXSourcesBuildPhase;
			buildActionMask = 2147483647;
			files = (
				84035B431AD6C45E000D6C8F /* SidebarFeedlyAnimation.m in Sources */,
				84035B461AD6C45E000D6C8F /* SidebarWunderlistAnimation.m in Sources */,
				84035B0E1AD6C046000D6C8F /* AppDelegate.m in Sources */,
				84035B441AD6C45E000D6C8F /* SidebarFlipboardAnimation.m in Sources */,
				84035B611AD6C5F2000D6C8F /* CustomCell.m in Sources */,
				84035B5C1AD6C5A1000D6C8F /* CenterViewController.m in Sources */,
				84035B5E1AD6C5A1000D6C8F /* RightViewController.m in Sources */,
				84035B0B1AD6C046000D6C8F /* main.m in Sources */,
				84035B401AD6C45E000D6C8F /* SidebarAirbnbAnimation.m in Sources */,
				84035B411AD6C45E000D6C8F /* SidebarAnimation.m in Sources */,
				84035B471AD6C45E000D6C8F /* TheSidebarController.m in Sources */,
				84035B5D1AD6C5A1000D6C8F /* LeftViewController.m in Sources */,
				84035B451AD6C45E000D6C8F /* SidebarLuvocracyAnimation.m in Sources */,
				84035B421AD6C45E000D6C8F /* SidebarFacebookAnimation.m in Sources */,
			);
			runOnlyForDeploymentPostprocessing = 0;
		};
		84035B1A1AD6C046000D6C8F /* Sources */ = {
			isa = PBXSourcesBuildPhase;
			buildActionMask = 2147483647;
			files = (
				84035B251AD6C046000D6C8F /* SlideTests.m in Sources */,
			);
			runOnlyForDeploymentPostprocessing = 0;
		};
/* End PBXSourcesBuildPhase section */

/* Begin PBXTargetDependency section */
		84035B201AD6C046000D6C8F /* PBXTargetDependency */ = {
			isa = PBXTargetDependency;
			target = 84035B041AD6C046000D6C8F /* Slide */;
			targetProxy = 84035B1F1AD6C046000D6C8F /* PBXContainerItemProxy */;
		};
/* End PBXTargetDependency section */

/* Begin PBXVariantGroup section */
		84035B121AD6C046000D6C8F /* Main.storyboard */ = {
			isa = PBXVariantGroup;
			children = (
				84035B131AD6C046000D6C8F /* Base */,
			);
			name = Main.storyboard;
			sourceTree = "<group>";
		};
		84035B171AD6C046000D6C8F /* LaunchScreen.xib */ = {
			isa = PBXVariantGroup;
			children = (
				84035B181AD6C046000D6C8F /* Base */,
			);
			name = LaunchScreen.xib;
			sourceTree = "<group>";
		};
/* End PBXVariantGroup section */

/* Begin XCBuildConfiguration section */
		84035B261AD6C046000D6C8F /* Debug */ = {
			isa = XCBuildConfiguration;
			buildSettings = {
				ALWAYS_SEARCH_USER_PATHS = NO;
				CLANG_CXX_LANGUAGE_STANDARD = "gnu++0x";
				CLANG_CXX_LIBRARY = "libc++";
				CLANG_ENABLE_MODULES = YES;
				CLANG_ENABLE_OBJC_ARC = YES;
				CLANG_WARN_BOOL_CONVERSION = YES;
				CLANG_WARN_CONSTANT_CONVERSION = YES;
				CLANG_WARN_DIRECT_OBJC_ISA_USAGE = YES_ERROR;
				CLANG_WARN_EMPTY_BODY = YES;
				CLANG_WARN_ENUM_CONVERSION = YES;
				CLANG_WARN_INT_CONVERSION = YES;
				CLANG_WARN_OBJC_ROOT_CLASS = YES_ERROR;
				CLANG_WARN_UNREACHABLE_CODE = YES;
				CLANG_WARN__DUPLICATE_METHOD_MATCH = YES;
				"CODE_SIGN_IDENTITY[sdk=iphoneos*]" = "iPhone Developer";
				COPY_PHASE_STRIP = NO;
				ENABLE_STRICT_OBJC_MSGSEND = YES;
				GCC_C_LANGUAGE_STANDARD = gnu99;
				GCC_DYNAMIC_NO_PIC = NO;
				GCC_OPTIMIZATION_LEVEL = 0;
				GCC_PREPROCESSOR_DEFINITIONS = (
					"DEBUG=1",
					"$(inherited)",
				);
				GCC_SYMBOLS_PRIVATE_EXTERN = NO;
				GCC_WARN_64_TO_32_BIT_CONVERSION = YES;
				GCC_WARN_ABOUT_RETURN_TYPE = YES_ERROR;
				GCC_WARN_UNDECLARED_SELECTOR = YES;
				GCC_WARN_UNINITIALIZED_AUTOS = YES_AGGRESSIVE;
				GCC_WARN_UNUSED_FUNCTION = YES;
				GCC_WARN_UNUSED_VARIABLE = YES;
				IPHONEOS_DEPLOYMENT_TARGET = 8.2;
				MTL_ENABLE_DEBUG_INFO = YES;
				ONLY_ACTIVE_ARCH = YES;
				SDKROOT = iphoneos;
				TARGETED_DEVICE_FAMILY = "1,2";
			};
			name = Debug;
		};
		84035B271AD6C046000D6C8F /* Release */ = {
			isa = XCBuildConfiguration;
			buildSettings = {
				ALWAYS_SEARCH_USER_PATHS = NO;
				CLANG_CXX_LANGUAGE_STANDARD = "gnu++0x";
				CLANG_CXX_LIBRARY = "libc++";
				CLANG_ENABLE_MODULES = YES;
				CLANG_ENABLE_OBJC_ARC = YES;
				CLANG_WARN_BOOL_CONVERSION = YES;
				CLANG_WARN_CONSTANT_CONVERSION = YES;
				CLANG_WARN_DIRECT_OBJC_ISA_USAGE = YES_ERROR;
				CLANG_WARN_EMPTY_BODY = YES;
				CLANG_WARN_ENUM_CONVERSION = YES;
				CLANG_WARN_INT_CONVERSION = YES;
				CLANG_WARN_OBJC_ROOT_CLASS = YES_ERROR;
				CLANG_WARN_UNREACHABLE_CODE = YES;
				CLANG_WARN__DUPLICATE_METHOD_MATCH = YES;
				"CODE_SIGN_IDENTITY[sdk=iphoneos*]" = "iPhone Developer";
				COPY_PHASE_STRIP = NO;
				ENABLE_NS_ASSERTIONS = NO;
				ENABLE_STRICT_OBJC_MSGSEND = YES;
				GCC_C_LANGUAGE_STANDARD = gnu99;
				GCC_WARN_64_TO_32_BIT_CONVERSION = YES;
				GCC_WARN_ABOUT_RETURN_TYPE = YES_ERROR;
				GCC_WARN_UNDECLARED_SELECTOR = YES;
				GCC_WARN_UNINITIALIZED_AUTOS = YES_AGGRESSIVE;
				GCC_WARN_UNUSED_FUNCTION = YES;
				GCC_WARN_UNUSED_VARIABLE = YES;
				IPHONEOS_DEPLOYMENT_TARGET = 8.2;
				MTL_ENABLE_DEBUG_INFO = NO;
				SDKROOT = iphoneos;
				TARGETED_DEVICE_FAMILY = "1,2";
				VALIDATE_PRODUCT = YES;
			};
			name = Release;
		};
		84035B291AD6C046000D6C8F /* Debug */ = {
			isa = XCBuildConfiguration;
			buildSettings = {
				ASSETCATALOG_COMPILER_APPICON_NAME = AppIcon;
				INFOPLIST_FILE = Slide/Info.plist;
				LD_RUNPATH_SEARCH_PATHS = "$(inherited) @executable_path/Frameworks";
				PRODUCT_NAME = "$(TARGET_NAME)";
			};
			name = Debug;
		};
		84035B2A1AD6C046000D6C8F /* Release */ = {
			isa = XCBuildConfiguration;
			buildSettings = {
				ASSETCATALOG_COMPILER_APPICON_NAME = AppIcon;
				INFOPLIST_FILE = Slide/Info.plist;
				LD_RUNPATH_SEARCH_PATHS = "$(inherited) @executable_path/Frameworks";
				PRODUCT_NAME = "$(TARGET_NAME)";
			};
			name = Release;
		};
		84035B2C1AD6C046000D6C8F /* Debug */ = {
			isa = XCBuildConfiguration;
			buildSettings = {
				BUNDLE_LOADER = "$(TEST_HOST)";
				FRAMEWORK_SEARCH_PATHS = (
					"$(SDKROOT)/Developer/Library/Frameworks",
					"$(inherited)",
				);
				GCC_PREPROCESSOR_DEFINITIONS = (
					"DEBUG=1",
					"$(inherited)",
				);
				INFOPLIST_FILE = SlideTests/Info.plist;
				LD_RUNPATH_SEARCH_PATHS = "$(inherited) @executable_path/Frameworks @loader_path/Frameworks";
				PRODUCT_NAME = "$(TARGET_NAME)";
				TEST_HOST = "$(BUILT_PRODUCTS_DIR)/Slide.app/Slide";
			};
			name = Debug;
		};
		84035B2D1AD6C046000D6C8F /* Release */ = {
			isa = XCBuildConfiguration;
			buildSettings = {
				BUNDLE_LOADER = "$(TEST_HOST)";
				FRAMEWORK_SEARCH_PATHS = (
					"$(SDKROOT)/Developer/Library/Frameworks",
					"$(inherited)",
				);
				INFOPLIST_FILE = SlideTests/Info.plist;
				LD_RUNPATH_SEARCH_PATHS = "$(inherited) @executable_path/Frameworks @loader_path/Frameworks";
				PRODUCT_NAME = "$(TARGET_NAME)";
				TEST_HOST = "$(BUILT_PRODUCTS_DIR)/Slide.app/Slide";
			};
			name = Release;
		};
/* End XCBuildConfiguration section */

/* Begin XCConfigurationList section */
		84035B001AD6C046000D6C8F /* Build configuration list for PBXProject "Slide" */ = {
			isa = XCConfigurationList;
			buildConfigurations = (
				84035B261AD6C046000D6C8F /* Debug */,
				84035B271AD6C046000D6C8F /* Release */,
			);
			defaultConfigurationIsVisible = 0;
			defaultConfigurationName = Release;
		};
		84035B281AD6C046000D6C8F /* Build configuration list for PBXNativeTarget "Slide" */ = {
			isa = XCConfigurationList;
			buildConfigurations = (
				84035B291AD6C046000D6C8F /* Debug */,
				84035B2A1AD6C046000D6C8F /* Release */,
			);
			defaultConfigurationIsVisible = 0;
		};
		84035B2B1AD6C046000D6C8F /* Build configuration list for PBXNativeTarget "SlideTests" */ = {
			isa = XCConfigurationList;
			buildConfigurations = (
				84035B2C1AD6C046000D6C8F /* Debug */,
				84035B2D1AD6C046000D6C8F /* Release */,
			);
			defaultConfigurationIsVisible = 0;
		};
/* End XCConfigurationList section */
	};
	rootObject = 84035AFD1AD6C046000D6C8F /* Project object */;
}
